
Microsoft Visual Studio Solution File, Format Version 12.00
# Visual Studio Version 17
VisualStudioVersion = 17.4.33403.182
MinimumVisualStudioVersion = 10.0.40219.1
Project("{FAE04EC0-301F-11D3-BF4B-00C04F79EFBC}") = "VoVanHuan_2011064850-", "VoVanHuan_2011064850-\VoVanHuan_2011064850-.csproj", "{7DC8BF65-191E-4D94-A778-EDB0288C8E85}"
EndProject
Global
	GlobalSection(SolutionConfigurationPlatforms) = preSolution
		Debug|Any CPU = Debug|Any CPU
		Release|Any CPU = Release|Any CPU
	EndGlobalSection
	GlobalSection(ProjectConfigurationPlatforms) = postSolution
		{7DC8BF65-191E-4D94-A778-EDB0288C8E85}.Debug|Any CPU.ActiveCfg = Debug|Any CPU
		{7DC8BF65-191E-4D94-A778-EDB0288C8E85}.Debug|Any CPU.Build.0 = Debug|Any CPU
		{7DC8BF65-191E-4D94-A778-EDB0288C8E85}.Release|Any CPU.ActiveCfg = Release|Any CPU
		{7DC8BF65-191E-4D94-A778-EDB0288C8E85}.Release|Any CPU.Build.0 = Release|Any CPU
	EndGlobalSection
	GlobalSection(SolutionProperties) = preSolution
		HideSolutionNode = FALSE
	EndGlobalSection
	GlobalSection(ExtensibilityGlobals) = postSolution
		SolutionGuid = {27923C23-4DD6-46CB-8015-4240247F1AF9}
	EndGlobalSection
EndGlobal
